
Microsoft Visual Studio Solution File, Format Version 12.00
# Visual Studio Version 16
VisualStudioVersion = 16.0.29326.143
MinimumVisualStudioVersion = 10.0.40219.1
Project("{FAE04EC0-301F-11D3-BF4B-00C04F79EFBC}") = "e-Recarga", "e-Recarga.csproj", "{99696310-F821-4D44-AFC6-EAB21870E350}"
EndProject
Global
	GlobalSection(SolutionConfigurationPlatforms) = preSolution
		Debug|Any CPU = Debug|Any CPU
		Release|Any CPU = Release|Any CPU
	EndGlobalSection
	GlobalSection(ProjectConfigurationPlatforms) = postSolution
		{99696310-F821-4D44-AFC6-EAB21870E350}.Debug|Any CPU.ActiveCfg = Debug|Any CPU
		{99696310-F821-4D44-AFC6-EAB21870E350}.Debug|Any CPU.Build.0 = Debug|Any CPU
		{99696310-F821-4D44-AFC6-EAB21870E350}.Release|Any CPU.ActiveCfg = Release|Any CPU
		{99696310-F821-4D44-AFC6-EAB21870E350}.Release|Any CPU.Build.0 = Release|Any CPU
	EndGlobalSection
	GlobalSection(SolutionProperties) = preSolution
		HideSolutionNode = FALSE
	EndGlobalSection
	GlobalSection(ExtensibilityGlobals) = postSolution
		SolutionGuid = {E3CA0B21-6AC7-48B3-9BB7-01D60A99EC35}
	EndGlobalSection
EndGlobal
